
Microsoft Visual Studio Solution File, Format Version 12.00
# Visual Studio Version 17
VisualStudioVersion = 17.11.35431.28
MinimumVisualStudioVersion = 10.0.40219.1
Project("{FAE04EC0-301F-11D3-BF4B-00C04F79EFBC}") = "chkam05.Tools.ControlsEx", "chkam05.Tools.ControlsEx\chkam05.Tools.ControlsEx.csproj", "{FCBD986C-673B-428B-8F49-FADDAFC6BF0B}"
EndProject
Project("{FAE04EC0-301F-11D3-BF4B-00C04F79EFBC}") = "chkam05.Tools.ControlsEx.Example", "chkam05.Tools.ControlsEx.Example\chkam05.Tools.ControlsEx.Example.csproj", "{9193D7F6-8E15-4849-AA05-678E2CCC9A97}"
EndProject
Global
	GlobalSection(SolutionConfigurationPlatforms) = preSolution
		Debug|Any CPU = Debug|Any CPU
		Release|Any CPU = Release|Any CPU
	EndGlobalSection
	GlobalSection(ProjectConfigurationPlatforms) = postSolution
		{FCBD986C-673B-428B-8F49-FADDAFC6BF0B}.Debug|Any CPU.ActiveCfg = Debug|Any CPU
		{FCBD986C-673B-428B-8F49-FADDAFC6BF0B}.Debug|Any CPU.Build.0 = Debug|Any CPU
		{FCBD986C-673B-428B-8F49-FADDAFC6BF0B}.Release|Any CPU.ActiveCfg = Release|Any CPU
		{FCBD986C-673B-428B-8F49-FADDAFC6BF0B}.Release|Any CPU.Build.0 = Release|Any CPU
		{9193D7F6-8E15-4849-AA05-678E2CCC9A97}.Debug|Any CPU.ActiveCfg = Debug|Any CPU
		{9193D7F6-8E15-4849-AA05-678E2CCC9A97}.Debug|Any CPU.Build.0 = Debug|Any CPU
		{9193D7F6-8E15-4849-AA05-678E2CCC9A97}.Release|Any CPU.ActiveCfg = Release|Any CPU
		{9193D7F6-8E15-4849-AA05-678E2CCC9A97}.Release|Any CPU.Build.0 = Release|Any CPU
	EndGlobalSection
	GlobalSection(SolutionProperties) = preSolution
		HideSolutionNode = FALSE
	EndGlobalSection
	GlobalSection(ExtensibilityGlobals) = postSolution
		SolutionGuid = {0FE92D57-E635-4F94-8E41-A25030798B79}
	EndGlobalSection
EndGlobal
