
Microsoft Visual Studio Solution File, Format Version 12.00
# Visual Studio Version 17
VisualStudioVersion = 17.4.33213.308
MinimumVisualStudioVersion = 10.0.40219.1
Project("{FAE04EC0-301F-11D3-BF4B-00C04F79EFBC}") = "ControlsEx", "ControlsEx\ControlsEx.csproj", "{83521EA3-D4C0-4531-8B4E-2D9A40055ABB}"
EndProject
Project("{FAE04EC0-301F-11D3-BF4B-00C04F79EFBC}") = "Demo", "Demo\Demo.csproj", "{9061AF72-9A0D-45FD-88CB-10BBCC34FD2D}"
EndProject
Global
	GlobalSection(SolutionConfigurationPlatforms) = preSolution
		Debug|Any CPU = Debug|Any CPU
		Release|Any CPU = Release|Any CPU
	EndGlobalSection
	GlobalSection(ProjectConfigurationPlatforms) = postSolution
		{83521EA3-D4C0-4531-8B4E-2D9A40055ABB}.Debug|Any CPU.ActiveCfg = Debug|Any CPU
		{83521EA3-D4C0-4531-8B4E-2D9A40055ABB}.Debug|Any CPU.Build.0 = Debug|Any CPU
		{83521EA3-D4C0-4531-8B4E-2D9A40055ABB}.Release|Any CPU.ActiveCfg = Release|Any CPU
		{83521EA3-D4C0-4531-8B4E-2D9A40055ABB}.Release|Any CPU.Build.0 = Release|Any CPU
		{9061AF72-9A0D-45FD-88CB-10BBCC34FD2D}.Debug|Any CPU.ActiveCfg = Debug|Any CPU
		{9061AF72-9A0D-45FD-88CB-10BBCC34FD2D}.Debug|Any CPU.Build.0 = Debug|Any CPU
		{9061AF72-9A0D-45FD-88CB-10BBCC34FD2D}.Release|Any CPU.ActiveCfg = Release|Any CPU
		{9061AF72-9A0D-45FD-88CB-10BBCC34FD2D}.Release|Any CPU.Build.0 = Release|Any CPU
	EndGlobalSection
	GlobalSection(SolutionProperties) = preSolution
		HideSolutionNode = FALSE
	EndGlobalSection
	GlobalSection(ExtensibilityGlobals) = postSolution
		SolutionGuid = {6935D5D7-BDB1-40C9-86EA-9A313164CF7E}
	EndGlobalSection
EndGlobal
